
Microsoft Visual Studio Solution File, Format Version 12.00
# Visual Studio Version 17
VisualStudioVersion = 17.0.31903.59
MinimumVisualStudioVersion = 10.0.40219.1
Project("{2150E333-8FDC-42A3-9474-1A3956D46DE8}") = "src", "src", "{827E0CD3-B72D-47B6-A68D-7590B98EB39B}"
EndProject
Project("{FAE04EC0-301F-11D3-BF4B-00C04F79EFBC}") = "Mahjooz.Domain", "src\Mahjooz.Domain\Mahjooz.Domain.csproj", "{35A672EB-21A7-4BF6-8956-98D3C2317FED}"
EndProject
Project("{FAE04EC0-301F-11D3-BF4B-00C04F79EFBC}") = "Mahjooz.Application", "src\Mahjooz.Application\Mahjooz.Application.csproj", "{90D366E5-799B-4D02-BFB6-ADBDBBD68B01}"
EndProject
Project("{FAE04EC0-301F-11D3-BF4B-00C04F79EFBC}") = "Mahjooz.Infrastructure", "src\Mahjooz.Infrastructure\Mahjooz.Infrastructure.csproj", "{9A5F0E05-520B-4C77-A7B5-4562863EEF82}"
EndProject
Project("{FAE04EC0-301F-11D3-BF4B-00C04F79EFBC}") = "Mahjooz.Api", "src\Mahjooz.Api\Mahjooz.Api.csproj", "{1CF6447C-664B-4765-8C04-60C08C0022C9}"
EndProject
Project("{2150E333-8FDC-42A3-9474-1A3956D46DE8}") = "tests", "tests", "{0AB3BF05-4346-4AA6-1389-037BE0695223}"
EndProject
Project("{FAE04EC0-301F-11D3-BF4B-00C04F79EFBC}") = "Mahjooz.Api.Tests", "tests\Mahjooz.Api.Tests\Mahjooz.Api.Tests.csproj", "{3D041881-D609-4010-A9E8-26B1B8D212A8}"
EndProject
Global
	GlobalSection(SolutionConfigurationPlatforms) = preSolution
		Debug|Any CPU = Debug|Any CPU
		Debug|x64 = Debug|x64
		Debug|x86 = Debug|x86
		Release|Any CPU = Release|Any CPU
		Release|x64 = Release|x64
		Release|x86 = Release|x86
	EndGlobalSection
	GlobalSection(ProjectConfigurationPlatforms) = postSolution
		{35A672EB-21A7-4BF6-8956-98D3C2317FED}.Debug|Any CPU.ActiveCfg = Debug|Any CPU
		{35A672EB-21A7-4BF6-8956-98D3C2317FED}.Debug|Any CPU.Build.0 = Debug|Any CPU
		{35A672EB-21A7-4BF6-8956-98D3C2317FED}.Debug|x64.ActiveCfg = Debug|Any CPU
		{35A672EB-21A7-4BF6-8956-98D3C2317FED}.Debug|x64.Build.0 = Debug|Any CPU
		{35A672EB-21A7-4BF6-8956-98D3C2317FED}.Debug|x86.ActiveCfg = Debug|Any CPU
		{35A672EB-21A7-4BF6-8956-98D3C2317FED}.Debug|x86.Build.0 = Debug|Any CPU
		{35A672EB-21A7-4BF6-8956-98D3C2317FED}.Release|Any CPU.ActiveCfg = Release|Any CPU
		{35A672EB-21A7-4BF6-8956-98D3C2317FED}.Release|Any CPU.Build.0 = Release|Any CPU
		{35A672EB-21A7-4BF6-8956-98D3C2317FED}.Release|x64.ActiveCfg = Release|Any CPU
		{35A672EB-21A7-4BF6-8956-98D3C2317FED}.Release|x64.Build.0 = Release|Any CPU
		{35A672EB-21A7-4BF6-8956-98D3C2317FED}.Release|x86.ActiveCfg = Release|Any CPU
		{35A672EB-21A7-4BF6-8956-98D3C2317FED}.Release|x86.Build.0 = Release|Any CPU
		{90D366E5-799B-4D02-BFB6-ADBDBBD68B01}.Debug|Any CPU.ActiveCfg = Debug|Any CPU
		{90D366E5-799B-4D02-BFB6-ADBDBBD68B01}.Debug|Any CPU.Build.0 = Debug|Any CPU
		{90D366E5-799B-4D02-BFB6-ADBDBBD68B01}.Debug|x64.ActiveCfg = Debug|Any CPU
		{90D366E5-799B-4D02-BFB6-ADBDBBD68B01}.Debug|x64.Build.0 = Debug|Any CPU
		{90D366E5-799B-4D02-BFB6-ADBDBBD68B01}.Debug|x86.ActiveCfg = Debug|Any CPU
		{90D366E5-799B-4D02-BFB6-ADBDBBD68B01}.Debug|x86.Build.0 = Debug|Any CPU
		{90D366E5-799B-4D02-BFB6-ADBDBBD68B01}.Release|Any CPU.ActiveCfg = Release|Any CPU
		{90D366E5-799B-4D02-BFB6-ADBDBBD68B01}.Release|Any CPU.Build.0 = Release|Any CPU
		{90D366E5-799B-4D02-BFB6-ADBDBBD68B01}.Release|x64.ActiveCfg = Release|Any CPU
		{90D366E5-799B-4D02-BFB6-ADBDBBD68B01}.Release|x64.Build.0 = Release|Any CPU
		{90D366E5-799B-4D02-BFB6-ADBDBBD68B01}.Release|x86.ActiveCfg = Release|Any CPU
		{90D366E5-799B-4D02-BFB6-ADBDBBD68B01}.Release|x86.Build.0 = Release|Any CPU
		{9A5F0E05-520B-4C77-A7B5-4562863EEF82}.Debug|Any CPU.ActiveCfg = Debug|Any CPU
		{9A5F0E05-520B-4C77-A7B5-4562863EEF82}.Debug|Any CPU.Build.0 = Debug|Any CPU
		{9A5F0E05-520B-4C77-A7B5-4562863EEF82}.Debug|x64.ActiveCfg = Debug|Any CPU
		{9A5F0E05-520B-4C77-A7B5-4562863EEF82}.Debug|x64.Build.0 = Debug|Any CPU
		{9A5F0E05-520B-4C77-A7B5-4562863EEF82}.Debug|x86.ActiveCfg = Debug|Any CPU
		{9A5F0E05-520B-4C77-A7B5-4562863EEF82}.Debug|x86.Build.0 = Debug|Any CPU
		{9A5F0E05-520B-4C77-A7B5-4562863EEF82}.Release|Any CPU.ActiveCfg = Release|Any CPU
		{9A5F0E05-520B-4C77-A7B5-4562863EEF82}.Release|Any CPU.Build.0 = Release|Any CPU
		{9A5F0E05-520B-4C77-A7B5-4562863EEF82}.Release|x64.ActiveCfg = Release|Any CPU
		{9A5F0E05-520B-4C77-A7B5-4562863EEF82}.Release|x64.Build.0 = Release|Any CPU
		{9A5F0E05-520B-4C77-A7B5-4562863EEF82}.Release|x86.ActiveCfg = Release|Any CPU
		{9A5F0E05-520B-4C77-A7B5-4562863EEF82}.Release|x86.Build.0 = Release|Any CPU
		{1CF6447C-664B-4765-8C04-60C08C0022C9}.Debug|Any CPU.ActiveCfg = Debug|Any CPU
		{1CF6447C-664B-4765-8C04-60C08C0022C9}.Debug|Any CPU.Build.0 = Debug|Any CPU
		{1CF6447C-664B-4765-8C04-60C08C0022C9}.Debug|x64.ActiveCfg = Debug|Any CPU
		{1CF6447C-664B-4765-8C04-60C08C0022C9}.Debug|x64.Build.0 = Debug|Any CPU
		{1CF6447C-664B-4765-8C04-60C08C0022C9}.Debug|x86.ActiveCfg = Debug|Any CPU
		{1CF6447C-664B-4765-8C04-60C08C0022C9}.Debug|x86.Build.0 = Debug|Any CPU
		{1CF6447C-664B-4765-8C04-60C08C0022C9}.Release|Any CPU.ActiveCfg = Release|Any CPU
		{1CF6447C-664B-4765-8C04-60C08C0022C9}.Release|Any CPU.Build.0 = Release|Any CPU
		{1CF6447C-664B-4765-8C04-60C08C0022C9}.Release|x64.ActiveCfg = Release|Any CPU
		{1CF6447C-664B-4765-8C04-60C08C0022C9}.Release|x64.Build.0 = Release|Any CPU
		{1CF6447C-664B-4765-8C04-60C08C0022C9}.Release|x86.ActiveCfg = Release|Any CPU
		{1CF6447C-664B-4765-8C04-60C08C0022C9}.Release|x86.Build.0 = Release|Any CPU
		{3D041881-D609-4010-A9E8-26B1B8D212A8}.Debug|Any CPU.ActiveCfg = Debug|Any CPU
		{3D041881-D609-4010-A9E8-26B1B8D212A8}.Debug|Any CPU.Build.0 = Debug|Any CPU
		{3D041881-D609-4010-A9E8-26B1B8D212A8}.Debug|x64.ActiveCfg = Debug|Any CPU
		{3D041881-D609-4010-A9E8-26B1B8D212A8}.Debug|x64.Build.0 = Debug|Any CPU
		{3D041881-D609-4010-A9E8-26B1B8D212A8}.Debug|x86.ActiveCfg = Debug|Any CPU
		{3D041881-D609-4010-A9E8-26B1B8D212A8}.Debug|x86.Build.0 = Debug|Any CPU
		{3D041881-D609-4010-A9E8-26B1B8D212A8}.Release|Any CPU.ActiveCfg = Release|Any CPU
		{3D041881-D609-4010-A9E8-26B1B8D212A8}.Release|Any CPU.Build.0 = Release|Any CPU
		{3D041881-D609-4010-A9E8-26B1B8D212A8}.Release|x64.ActiveCfg = Release|Any CPU
		{3D041881-D609-4010-A9E8-26B1B8D212A8}.Release|x64.Build.0 = Release|Any CPU
		{3D041881-D609-4010-A9E8-26B1B8D212A8}.Release|x86.ActiveCfg = Release|Any CPU
		{3D041881-D609-4010-A9E8-26B1B8D212A8}.Release|x86.Build.0 = Release|Any CPU
	EndGlobalSection
	GlobalSection(SolutionProperties) = preSolution
		HideSolutionNode = FALSE
	EndGlobalSection
	GlobalSection(NestedProjects) = preSolution
		{35A672EB-21A7-4BF6-8956-98D3C2317FED} = {827E0CD3-B72D-47B6-A68D-7590B98EB39B}
		{90D366E5-799B-4D02-BFB6-ADBDBBD68B01} = {827E0CD3-B72D-47B6-A68D-7590B98EB39B}
		{9A5F0E05-520B-4C77-A7B5-4562863EEF82} = {827E0CD3-B72D-47B6-A68D-7590B98EB39B}
		{1CF6447C-664B-4765-8C04-60C08C0022C9} = {827E0CD3-B72D-47B6-A68D-7590B98EB39B}
		{3D041881-D609-4010-A9E8-26B1B8D212A8} = {0AB3BF05-4346-4AA6-1389-037BE0695223}
	EndGlobalSection
EndGlobal
